lockfileVersion: '9.0'

settings:
  autoInstallPeers: true
  excludeLinksFromLockfile: false

importers:

  .:
    dependencies:
      '@alis-build/common-es':
        specifier: ^1.0.3
        version: 1.0.3
      '@bufbuild/protobuf':
        specifier: ^2.11.0
        version: 2.11.0
      '@connectrpc/connect':
        specifier: ^2.1.1
        version: 2.1.1(@bufbuild/protobuf@2.11.0)
      '@connectrpc/connect-web':
        specifier: ^2.1.1
        version: 2.1.1(@bufbuild/protobuf@2.11.0)(@connectrpc/connect@2.1.1(@bufbuild/protobuf@2.11.0))

packages:

  '@alis-build/common-es@1.0.3':
    resolution: {integrity: sha512-w3iAdW1qZf+ufcUNSYNy0ZK0WbiVDd9pc6o4S7J7YoswV0Iw0kGCymq0MQlZVVD1wb+mFCDwy3PfdvFrdPaF4g==}

  '@bufbuild/protobuf@2.11.0':
    resolution: {integrity: sha512-sBXGT13cpmPR5BMgHE6UEEfEaShh5Ror6rfN3yEK5si7QVrtZg8LEPQb0VVhiLRUslD2yLnXtnRzG035J/mZXQ==}

  '@connectrpc/connect-web@2.1.1':
    resolution: {integrity: sha512-J8317Q2MaFRCT1jzVR1o06bZhDIBmU0UAzWx6xOIXzOq8+k71/+k7MUF7AwcBUX+34WIvbm5syRgC5HXQA8fOg==}
    peerDependencies:
      '@bufbuild/protobuf': ^2.7.0
      '@connectrpc/connect': 2.1.1

  '@connectrpc/connect@2.1.1':
    resolution: {integrity: sha512-JzhkaTvM73m2K1URT6tv53k2RwngSmCXLZJgK580qNQOXRzZRR/BCMfZw3h+90JpnG6XksP5bYT+cz0rpUzUWQ==}
    peerDependencies:
      '@bufbuild/protobuf': ^2.7.0

snapshots:

  '@alis-build/common-es@1.0.3':
    dependencies:
      '@bufbuild/protobuf': 2.11.0
      '@connectrpc/connect': 2.1.1(@bufbuild/protobuf@2.11.0)
      '@connectrpc/connect-web': 2.1.1(@bufbuild/protobuf@2.11.0)(@connectrpc/connect@2.1.1(@bufbuild/protobuf@2.11.0))

  '@bufbuild/protobuf@2.11.0': {}

  '@connectrpc/connect-web@2.1.1(@bufbuild/protobuf@2.11.0)(@connectrpc/connect@2.1.1(@bufbuild/protobuf@2.11.0))':
    dependencies:
      '@bufbuild/protobuf': 2.11.0
      '@connectrpc/connect': 2.1.1(@bufbuild/protobuf@2.11.0)

  '@connectrpc/connect@2.1.1(@bufbuild/protobuf@2.11.0)':
    dependencies:
      '@bufbuild/protobuf': 2.11.0
